importers:
  .:
    devDependencies:
      object-assign: 4.1.1
    specifiers:
      object-assign: ^4.1.1
  packages/foo:
    dependencies:
      object-assign: 4.1.1
    specifiers:
      object-assign: ^4.1.1
lockfileVersion: 5.2
packages:
  /object-assign/4.1.1:
    engines:
      node: '>=0.10.0'
    resolution:
      integrity: sha1-IQmtx5ZYh8/AXLvUQsrIv7s2CGM=
